
Microsoft Visual Studio Solution File, Format Version 12.00
# Visual Studio 15
VisualStudioVersion = 15.0.28307.1231
MinimumVisualStudioVersion = 10.0.40219.1
Project("{FAE04EC0-301F-11D3-BF4B-00C04F79EFBC}") = "08_DataAdapter", "08_DataAdapter.csproj", "{9C24447D-2739-438C-B2A3-8CA0660CFA27}"
EndProject
Global
	GlobalSection(SolutionConfigurationPlatforms) = preSolution
		Debug|Any CPU = Debug|Any CPU
		Release|Any CPU = Release|Any CPU
	EndGlobalSection
	GlobalSection(ProjectConfigurationPlatforms) = postSolution
		{9C24447D-2739-438C-B2A3-8CA0660CFA27}.Debug|Any CPU.ActiveCfg = Debug|Any CPU
		{9C24447D-2739-438C-B2A3-8CA0660CFA27}.Debug|Any CPU.Build.0 = Debug|Any CPU
		{9C24447D-2739-438C-B2A3-8CA0660CFA27}.Release|Any CPU.ActiveCfg = Release|Any CPU
		{9C24447D-2739-438C-B2A3-8CA0660CFA27}.Release|Any CPU.Build.0 = Release|Any CPU
	EndGlobalSection
	GlobalSection(SolutionProperties) = preSolution
		HideSolutionNode = FALSE
	EndGlobalSection
	GlobalSection(ExtensibilityGlobals) = postSolution
		SolutionGuid = {2D776C39-FE43-44B1-A7F3-0CC602F72475}
	EndGlobalSection
EndGlobal
